
Microsoft Visual Studio Solution File, Format Version 12.00
# Visual Studio Version 17
VisualStudioVersion = 17.13.35806.99 d17.13
MinimumVisualStudioVersion = 10.0.40219.1
Project("{FAE04EC0-301F-11D3-BF4B-00C04F79EFBC}") = "Customization", "Customization\Customization.csproj", "{AA4A2F55-C9A7-4952-A59F-51BB871E6752}"
EndProject
Global
	GlobalSection(SolutionConfigurationPlatforms) = preSolution
		Debug|Any CPU = Debug|Any CPU
		Release|Any CPU = Release|Any CPU
	EndGlobalSection
	GlobalSection(ProjectConfigurationPlatforms) = postSolution
		{AA4A2F55-C9A7-4952-A59F-51BB871E6752}.Debug|Any CPU.ActiveCfg = Debug|Any CPU
		{AA4A2F55-C9A7-4952-A59F-51BB871E6752}.Debug|Any CPU.Build.0 = Debug|Any CPU
		{AA4A2F55-C9A7-4952-A59F-51BB871E6752}.Release|Any CPU.ActiveCfg = Release|Any CPU
		{AA4A2F55-C9A7-4952-A59F-51BB871E6752}.Release|Any CPU.Build.0 = Release|Any CPU
	EndGlobalSection
	GlobalSection(SolutionProperties) = preSolution
		HideSolutionNode = FALSE
	EndGlobalSection
	GlobalSection(ExtensibilityGlobals) = postSolution
		SolutionGuid = {595C1917-0F8C-4C07-A200-C338ECBE5FBA}
	EndGlobalSection
EndGlobal
